<?xml version="1.0" encoding="utf-8"?>
<Project ToolsVersion="4.0" xmlns="http://schemas.microsoft.com/developer/msbuild/2003">
  <ItemGroup>
    <Filter Include="Source Files">
      <UniqueIdentifier>{4FC737F1-C7A5-4376-A066-2A32D752A2FF}</UniqueIdentifier>
      <Extensions>cpp;c;cc;cxx;def;odl;idl;hpj;bat;asm;asmx</Extensions>
    </Filter>
    <Filter Include="Header Files">
      <UniqueIdentifier>{93995380-89BD-4b04-88EB-625FBE52EBFB}</UniqueIdentifier>
      <Extensions>h;hh;hpp;hxx;hm;inl;inc;xsd</Extensions>
    </Filter>
    <Filter Include="Resource Files">
      <UniqueIdentifier>{67DA6AB6-F800-4c08-8B7A-83BB121AAD01}</UniqueIdentifier>
      <Extensions>rc;ico;cur;bmp;dlg;rc2;rct;bin;rgs;gif;jpg;jpeg;jpe;resx;tiff;tif;png;wav;mfcribbon-ms</Extensions>
    </Filter>
  </ItemGroup>
  <ItemGroup>
    <Text Include="ReadMe.txt" />
  </ItemGroup>
  <ItemGroup>
    <ClInclude Include="stdafx.h">
      <Filter>Header Files</Filter>
    </ClInclude>
    <ClInclude Include="targetver.h">
      <Filter>Header Files</Filter>
    </ClInclude>
    <ClInclude Include="include\algorithm\abstract_gradient_calculator.h">
      <Filter>Header Files</Filter>
    </ClInclude>
    <ClInclude Include="include\algorithm\abstract_reliability_calculator.h">
      <Filter>Header Files</Filter>
    </ClInclude>
    <ClInclude Include="include\algorithm\abstract_tile_merger.h">
      <Filter>Header Files</Filter>
    </ClInclude>
    <ClInclude Include="include\algorithm\abstract_tile_unwrapper.h">
      <Filter>Header Files</Filter>
    </ClInclude>
    <ClInclude Include="include\algorithm\abstract_unwrapper.h">
      <Filter>Header Files</Filter>
    </ClInclude>
    <ClInclude Include="include\algorithm\grad_fit_tile_unwrapper.h">
      <Filter>Header Files</Filter>
    </ClInclude>
    <ClInclude Include="include\algorithm\least_squares_grad_unwrapper.h">
      <Filter>Header Files</Filter>
    </ClInclude>
    <ClInclude Include="include\algorithm\px_floodfill_sim_ann_unwrapper.h">
      <Filter>Header Files</Filter>
    </ClInclude>
    <ClInclude Include="include\algorithm\reliability_calculator_mean_difference.h">
      <Filter>Header Files</Filter>
    </ClInclude>
    <ClInclude Include="include\algorithm\reliability_calculator_random.h">
      <Filter>Header Files</Filter>
    </ClInclude>
    <ClInclude Include="include\algorithm\reliability_calculator_variance.h">
      <Filter>Header Files</Filter>
    </ClInclude>
    <ClInclude Include="include\algorithm\reliability_calculator_variance_second.h">
      <Filter>Header Files</Filter>
    </ClInclude>
    <ClInclude Include="include\algorithm\second_order_gradient.h">
      <Filter>Header Files</Filter>
    </ClInclude>
    <ClInclude Include="include\algorithm\simple1d_tile_merger.h">
      <Filter>Header Files</Filter>
    </ClInclude>
    <ClInclude Include="include\algorithm\simulated_annealing_floodfill_merger.h">
      <Filter>Header Files</Filter>
    </ClInclude>
    <ClInclude Include="include\algorithm\simulated_annealing_merger.h">
      <Filter>Header Files</Filter>
    </ClInclude>
    <ClInclude Include="include\algorithm\srncp_tile_merger.h">
      <Filter>Header Files</Filter>
    </ClInclude>
    <ClInclude Include="include\algorithm\strand_tile_merger.h">
      <Filter>Header Files</Filter>
    </ClInclude>
    <ClInclude Include="include\algorithm\strand_tile_unwrapper.h">
      <Filter>Header Files</Filter>
    </ClInclude>
    <ClInclude Include="include\algorithm\wrap.h">
      <Filter>Header Files</Filter>
    </ClInclude>
    <ClInclude Include="include\analyse\measure_pixel_energy.h">
      <Filter>Header Files</Filter>
    </ClInclude>
    <ClInclude Include="include\analyse\measure_psnr.h">
      <Filter>Header Files</Filter>
    </ClInclude>
    <ClInclude Include="include\basic_includes.h">
      <Filter>Header Files</Filter>
    </ClInclude>
    <ClInclude Include="include\command_line.h">
      <Filter>Header Files</Filter>
    </ClInclude>
    <ClInclude Include="include\debug\debug_file_io.h">
      <Filter>Header Files</Filter>
    </ClInclude>
    <ClInclude Include="include\debug\debug_out.h">
      <Filter>Header Files</Filter>
    </ClInclude>
    <ClInclude Include="include\debug\debug_time.h">
      <Filter>Header Files</Filter>
    </ClInclude>
    <ClInclude Include="include\debug\test_memory_leak.h">
      <Filter>Header Files</Filter>
    </ClInclude>
    <ClInclude Include="include\debug\test_memory_leak_a.h">
      <Filter>Header Files</Filter>
    </ClInclude>
    <ClInclude Include="include\debug\test_memory_leak_b.h">
      <Filter>Header Files</Filter>
    </ClInclude>
    <ClInclude Include="include\image\col_major_image.h">
      <Filter>Header Files</Filter>
    </ClInclude>
    <ClInclude Include="include\image\float_image.h">
      <Filter>Header Files</Filter>
    </ClInclude>
    <ClInclude Include="include\image\in_out.h">
      <Filter>Header Files</Filter>
    </ClInclude>
    <ClInclude Include="include\image\row_major_float_image.h">
      <Filter>Header Files</Filter>
    </ClInclude>
    <ClInclude Include="include\model\abstract_function.h">
      <Filter>Header Files</Filter>
    </ClInclude>
    <ClInclude Include="include\model\abstract_gradient.h">
      <Filter>Header Files</Filter>
    </ClInclude>
    <ClInclude Include="include\model\model_function.h">
      <Filter>Header Files</Filter>
    </ClInclude>
    <ClInclude Include="include\model\model_gradient.h">
      <Filter>Header Files</Filter>
    </ClInclude>
    <ClInclude Include="include\model\monomial_function.h">
      <Filter>Header Files</Filter>
    </ClInclude>
    <ClInclude Include="include\model\monomial_gradient.h">
      <Filter>Header Files</Filter>
    </ClInclude>
    <ClInclude Include="include\tiles\abstract_coordinate_system.h">
      <Filter>Header Files</Filter>
    </ClInclude>
    <ClInclude Include="include\tiles\tile.h">
      <Filter>Header Files</Filter>
    </ClInclude>
    <ClInclude Include="include\tiles\tiled_image.h">
      <Filter>Header Files</Filter>
    </ClInclude>
    <ClInclude Include="include\tiles\tilegroup.h">
      <Filter>Header Files</Filter>
    </ClInclude>
    <ClInclude Include="include\tiles\tile_dimension_exception.h">
      <Filter>Header Files</Filter>
    </ClInclude>
    <ClInclude Include="include\tiles\tile_junction.h">
      <Filter>Header Files</Filter>
    </ClInclude>
    <ClInclude Include="include\tiles\unit_cartesian_coordinate_system.h">
      <Filter>Header Files</Filter>
    </ClInclude>
  </ItemGroup>
  <ItemGroup>
    <ClCompile Include="stdafx.cpp">
      <Filter>Source Files</Filter>
    </ClCompile>
    <ClCompile Include="src\algorithm\abstract_gradient_calculator.cpp">
      <Filter>Source Files</Filter>
    </ClCompile>
    <ClCompile Include="src\algorithm\grad_fit_tile_unwrapper.cpp">
      <Filter>Source Files</Filter>
    </ClCompile>
    <ClCompile Include="src\algorithm\least_squares_grad_unwrapper.cpp">
      <Filter>Source Files</Filter>
    </ClCompile>
    <ClCompile Include="src\algorithm\reliability_calculator_mean_difference.cpp">
      <Filter>Source Files</Filter>
    </ClCompile>
    <ClCompile Include="src\algorithm\reliability_calculator_random.cpp">
      <Filter>Source Files</Filter>
    </ClCompile>
    <ClCompile Include="src\algorithm\reliability_calculator_variance.cpp">
      <Filter>Source Files</Filter>
    </ClCompile>
    <ClCompile Include="src\algorithm\reliability_calculator_variance_second.cpp">
      <Filter>Source Files</Filter>
    </ClCompile>
    <ClCompile Include="src\algorithm\second_order_gradient.cpp">
      <Filter>Source Files</Filter>
    </ClCompile>
    <ClCompile Include="src\algorithm\simple1d_tile_merger.cpp">
      <Filter>Source Files</Filter>
    </ClCompile>
    <ClCompile Include="src\algorithm\simulated_annealing_floodfill_merger.cpp">
      <Filter>Source Files</Filter>
    </ClCompile>
    <ClCompile Include="src\algorithm\simulated_annealing_merger.cpp">
      <Filter>Source Files</Filter>
    </ClCompile>
    <ClCompile Include="src\algorithm\srncp_tile_merger.cpp">
      <Filter>Source Files</Filter>
    </ClCompile>
    <ClCompile Include="src\algorithm\strand_tile_merger.cpp">
      <Filter>Source Files</Filter>
    </ClCompile>
    <ClCompile Include="src\algorithm\strand_tile_unwrapper.cpp">
      <Filter>Source Files</Filter>
    </ClCompile>
    <ClCompile Include="src\algorithm\wrap.cpp">
      <Filter>Source Files</Filter>
    </ClCompile>
    <ClCompile Include="src\analyse\measure_pixel_energy.cpp">
      <Filter>Source Files</Filter>
    </ClCompile>
    <ClCompile Include="src\analyse\measure_psnr.cpp">
      <Filter>Source Files</Filter>
    </ClCompile>
    <ClCompile Include="src\command_line.cpp">
      <Filter>Source Files</Filter>
    </ClCompile>
    <ClCompile Include="src\debug\debug_file_io.cpp">
      <Filter>Source Files</Filter>
    </ClCompile>
    <ClCompile Include="src\debug\test_memory_leak.cpp">
      <Filter>Source Files</Filter>
    </ClCompile>
    <ClCompile Include="src\image\float_image.cpp">
      <Filter>Source Files</Filter>
    </ClCompile>
    <ClCompile Include="src\image\in_out.cpp">
      <Filter>Source Files</Filter>
    </ClCompile>
    <ClCompile Include="src\image\row_major_float_image.cpp">
      <Filter>Source Files</Filter>
    </ClCompile>
    <ClCompile Include="src\image\windowfunctions.cpp">
      <Filter>Source Files</Filter>
    </ClCompile>
    <ClCompile Include="src\model\model_function.cpp">
      <Filter>Source Files</Filter>
    </ClCompile>
    <ClCompile Include="src\model\model_gradient.cpp">
      <Filter>Source Files</Filter>
    </ClCompile>
    <ClCompile Include="src\model\monomial_function.cpp">
      <Filter>Source Files</Filter>
    </ClCompile>
    <ClCompile Include="src\model\monomial_gradient.cpp">
      <Filter>Source Files</Filter>
    </ClCompile>
    <ClCompile Include="src\octave\oct_tilebased_unwrap.cpp">
      <Filter>Source Files</Filter>
    </ClCompile>
    <ClCompile Include="src\tiles\tile.cpp">
      <Filter>Source Files</Filter>
    </ClCompile>
    <ClCompile Include="src\tiles\tiled_image.cpp">
      <Filter>Source Files</Filter>
    </ClCompile>
    <ClCompile Include="src\tiles\tilegroup.cpp">
      <Filter>Source Files</Filter>
    </ClCompile>
    <ClCompile Include="src\tiles\tile_dimension_exception.cpp">
      <Filter>Source Files</Filter>
    </ClCompile>
    <ClCompile Include="src\tiles\tile_junction.cpp">
      <Filter>Source Files</Filter>
    </ClCompile>
    <ClCompile Include="src\tiles\unit_cartesian_coordinate_system.cpp">
      <Filter>Source Files</Filter>
    </ClCompile>
    <ClCompile Include="main.cpp">
      <Filter>Source Files</Filter>
    </ClCompile>
  </ItemGroup>
</Project>